
Microsoft Visual Studio Solution File, Format Version 12.00
# Visual Studio Version 16
VisualStudioVersion = 16.0.31624.102
MinimumVisualStudioVersion = 10.0.40219.1
Project("{FAE04EC0-301F-11D3-BF4B-00C04F79EFBC}") = "telefon", "telefon\telefon.csproj", "{B9A298AA-298D-4394-90BB-92920BBC8EA5}"
EndProject
Global
	GlobalSection(SolutionConfigurationPlatforms) = preSolution
		Debug|Any CPU = Debug|Any CPU
		Release|Any CPU = Release|Any CPU
	EndGlobalSection
	GlobalSection(ProjectConfigurationPlatforms) = postSolution
		{B9A298AA-298D-4394-90BB-92920BBC8EA5}.Debug|Any CPU.ActiveCfg = Debug|Any CPU
		{B9A298AA-298D-4394-90BB-92920BBC8EA5}.Debug|Any CPU.Build.0 = Debug|Any CPU
		{B9A298AA-298D-4394-90BB-92920BBC8EA5}.Release|Any CPU.ActiveCfg = Release|Any CPU
		{B9A298AA-298D-4394-90BB-92920BBC8EA5}.Release|Any CPU.Build.0 = Release|Any CPU
	EndGlobalSection
	GlobalSection(SolutionProperties) = preSolution
		HideSolutionNode = FALSE
	EndGlobalSection
	GlobalSection(ExtensibilityGlobals) = postSolution
		SolutionGuid = {5F01414C-2971-4838-BE66-DD9F2BA3D9B4}
	EndGlobalSection
EndGlobal
